Microsoft Visual Studio Solution File, Format Version 12.00
# Visual Studio Version 17
VisualStudioVersion = 17.5.2.0
MinimumVisualStudioVersion = 10.0.40219.1
Project("{FAE04EC0-301F-11D3-BF4B-00C04F79EFBC}") = "StartingTasks", "StartingTasks.csproj", "{AEDBDCDB-9EA7-2D3A-6D2D-D27CE30FD161}"
EndProject
Global
	GlobalSection(SolutionConfigurationPlatforms) = preSolution
		Debug|Any CPU = Debug|Any CPU
		Release|Any CPU = Release|Any CPU
	EndGlobalSection
	GlobalSection(ProjectConfigurationPlatforms) = postSolution
		{AEDBDCDB-9EA7-2D3A-6D2D-D27CE30FD161}.Debug|Any CPU.ActiveCfg = Debug|Any CPU
		{AEDBDCDB-9EA7-2D3A-6D2D-D27CE30FD161}.Debug|Any CPU.Build.0 = Debug|Any CPU
		{AEDBDCDB-9EA7-2D3A-6D2D-D27CE30FD161}.Release|Any CPU.ActiveCfg = Release|Any CPU
		{AEDBDCDB-9EA7-2D3A-6D2D-D27CE30FD161}.Release|Any CPU.Build.0 = Release|Any CPU
	EndGlobalSection
	GlobalSection(SolutionProperties) = preSolution
		HideSolutionNode = FALSE
	EndGlobalSection
	GlobalSection(ExtensibilityGlobals) = postSolution
		SolutionGuid = {47982DE7-4A5F-451E-9F33-A9DF6873D31F}
	EndGlobalSection
EndGlobal
